
Microsoft Visual Studio Solution File, Format Version 12.00
# Visual Studio Version 17
VisualStudioVersion = 17.3.32929.385
MinimumVisualStudioVersion = 10.0.40219.1
Project("{FAE04EC0-301F-11D3-BF4B-00C04F79EFBC}") = "2021_Q1", "2021_Q1\2021_Q1.csproj", "{A717CBD9-1D51-4C82-AC4D-256D978D1E4B}"
EndProject
Global
	GlobalSection(SolutionConfigurationPlatforms) = preSolution
		Debug|Any CPU = Debug|Any CPU
		Release|Any CPU = Release|Any CPU
	EndGlobalSection
	GlobalSection(ProjectConfigurationPlatforms) = postSolution
		{A717CBD9-1D51-4C82-AC4D-256D978D1E4B}.Debug|Any CPU.ActiveCfg = Debug|Any CPU
		{A717CBD9-1D51-4C82-AC4D-256D978D1E4B}.Debug|Any CPU.Build.0 = Debug|Any CPU
		{A717CBD9-1D51-4C82-AC4D-256D978D1E4B}.Release|Any CPU.ActiveCfg = Release|Any CPU
		{A717CBD9-1D51-4C82-AC4D-256D978D1E4B}.Release|Any CPU.Build.0 = Release|Any CPU
	EndGlobalSection
	GlobalSection(SolutionProperties) = preSolution
		HideSolutionNode = FALSE
	EndGlobalSection
	GlobalSection(ExtensibilityGlobals) = postSolution
		SolutionGuid = {D24569AA-B0BF-4A60-9B78-EEBF824EB458}
	EndGlobalSection
EndGlobal
